
Microsoft Visual Studio Solution File, Format Version 12.00
# Visual Studio Version 17
VisualStudioVersion = 17.11.35312.102
MinimumVisualStudioVersion = 10.0.40219.1
Project("{FAE04EC0-301F-11D3-BF4B-00C04F79EFBC}") = "TestProject1", "TestProject1\TestProject1.csproj", "{9D7C26B3-B3AA-4295-BF07-F8353B5446ED}"
EndProject
Global
	GlobalSection(SolutionConfigurationPlatforms) = preSolution
		Debug|Any CPU = Debug|Any CPU
		Release|Any CPU = Release|Any CPU
	EndGlobalSection
	GlobalSection(ProjectConfigurationPlatforms) = postSolution
		{9D7C26B3-B3AA-4295-BF07-F8353B5446ED}.Debug|Any CPU.ActiveCfg = Debug|Any CPU
		{9D7C26B3-B3AA-4295-BF07-F8353B5446ED}.Debug|Any CPU.Build.0 = Debug|Any CPU
		{9D7C26B3-B3AA-4295-BF07-F8353B5446ED}.Release|Any CPU.ActiveCfg = Release|Any CPU
		{9D7C26B3-B3AA-4295-BF07-F8353B5446ED}.Release|Any CPU.Build.0 = Release|Any CPU
	EndGlobalSection
	GlobalSection(SolutionProperties) = preSolution
		HideSolutionNode = FALSE
	EndGlobalSection
	GlobalSection(ExtensibilityGlobals) = postSolution
		SolutionGuid = {281B6927-7F63-431C-B648-975D6FB2BF8F}
	EndGlobalSection
EndGlobal
